// !$*UTF8*$!
{
	archiveVersion = 1;
	classes = {
	};
	objectVersion = 46;
	objects = {

/* Begin PBXBuildFile section */
		2E0502301D06FDEC005E0BDF /* AppDelegate.swift in Sources */ = {isa = PBXBuildFile; fileRef = 2E05022F1D06FDEC005E0BDF /* AppDelegate.swift */; };
		2E0502321D06FDEC005E0BDF /* ViewController.swift in Sources */ = {isa = PBXBuildFile; fileRef = 2E0502311D06FDEC005E0BDF /* ViewController.swift */; };
		2E0502351D06FDEC005E0BDF /* Main.storyboard in Resources */ = {isa = PBXBuildFile; fileRef = 2E0502331D06FDEC005E0BDF /* Main.storyboard */; };
		2E0502371D06FDEC005E0BDF /* Assets.xcassets in Resources */ = {isa = PBXBuildFile; fileRef = 2E0502361D06FDEC005E0BDF /* Assets.xcassets */; };
		2E05023A1D06FDEC005E0BDF /* LaunchScreen.storyboard in Resources */ = {isa = PBXBuildFile; fileRef = 2E0502381D06FDEC005E0BDF /* LaunchScreen.storyboard */; };
/* End PBXBuildFile section */

/* Begin PBXFileReference section */
		2E05022C1D06FDEC005E0BDF /* SecondRepository.app */ = {isa = PBXFileReference; explicitFileType = wrapper.application; includeInIndex = 0; path = SecondRepository.app; sourceTree = BUILT_PRODUCTS_DIR; };
		2E05022F1D06FDEC005E0BDF /* AppDelegate.swift */ = {isa = PBXFileReference; lastKnownFileType = sourcecode.swift; path = AppDelegate.swift; sourceTree = "<group>"; };
		2E0502311D06FDEC005E0BDF /* ViewController.swift */ = {isa = PBXFileReference; lastKnownFileType = sourcecode.swift; path = ViewController.swift; sourceTree = "<group>"; };
		2E0502341D06FDEC005E0BDF /* Base */ = {isa = PBXFileReference; lastKnownFileType = file.storyboard; name = Base; path = Base.lproj/Main.storyboard; sourceTree = "<group>"; };
		2E0502361D06FDEC005E0BDF /* Assets.xcassets */ = {isa = PBXFileReference; lastKnownFileType = folder.assetcatalog; path = Assets.xcassets; sourceTree = "<group>"; };
		2E0502391D06FDEC005E0BDF /* Base */ = {isa = PBXFileReference; lastKnownFileType = file.storyboard; name = Base; path = Base.lproj/LaunchScreen.storyboard; sourceTree = "<group>"; };
		2E05023B1D06FDEC005E0BDF /* Info.plist */ = {isa = PBXFileReference; lastKnownFileType = text.plist.xml; path = Info.plist; sourceTree = "<group>"; };
/* End PBXFileReference section */

/* Begin PBXFrameworksBuildPhase section */
		2E0502291D06FDEC005E0BDF /* Frameworks */ = {
			isa = PBXFrameworksBuildPhase;
			buildActionMask = 2147483647;
			files = (
			);
			runOnlyForDeploymentPostprocessing = 0;
		};
/* End PBXFrameworksBuildPhase section */

/* Begin PBXGroup section */
		2E0502231D06FDEC005E0BDF = {
			isa = PBXGroup;
			children = (
				2E05022E1D06FDEC005E0BDF /* SecondRepository */,
				2E05022D1D06FDEC005E0BDF /* Products */,
			);
			sourceTree = "<group>";
		};
		2E05022D1D06FDEC005E0BDF /* Products */ = {
			isa = PBXGroup;
			children = (
				2E05022C1D06FDEC005E0BDF /* SecondRepository.app */,
			);
			name = Products;
			sourceTree = "<group>";
		};
		2E05022E1D06FDEC005E0BDF /* SecondRepository */ = {
			isa = PBXGroup;
			children = (
				2E05022F1D06FDEC005E0BDF /* AppDelegate.swift */,
				2E0502311D06FDEC005E0BDF /* ViewController.swift */,
				2E0502331D06FDEC005E0BDF /* Main.storyboard */,
				2E0502361D06FDEC005E0BDF /* Assets.xcassets */,
				2E0502381D06FDEC005E0BDF /* LaunchScreen.storyboard */,
				2E05023B1D06FDEC005E0BDF /* Info.plist */,
			);
			path = SecondRepository;
			sourceTree = "<group>";
		};
/* End PBXGroup section */

/* Begin PBXNativeTarget section */
		2E05022B1D06FDEC005E0BDF /* SecondRepository */ = {
			isa = PBXNativeTarget;
			buildConfigurationList = 2E05023E1D06FDEC005E0BDF /* Build configuration list for PBXNativeTarget "SecondRepository" */;
			buildPhases = (
				2E0502281D06FDEC005E0BDF /* Sources */,
				2E0502291D06FDEC005E0BDF /* Frameworks */,
				2E05022A1D06FDEC005E0BDF /* Resources */,
			);
			buildRules = (
			);
			dependencies = (
			);
			name = SecondRepository;
			productName = SecondRepository;
			productReference = 2E05022C1D06FDEC005E0BDF /* SecondRepository.app */;
			productType = "com.apple.product-type.application";
		};
/* End PBXNativeTarget section */

/* Begin PBXProject section */
		2E0502241D06FDEC005E0BDF /* Project object */ = {
			isa = PBXProject;
			attributes = {
				LastSwiftUpdateCheck = 0730;
				LastUpgradeCheck = 0730;
				ORGANIZATIONNAME = "PJ Basa";
				TargetAttributes = {
					2E05022B1D06FDEC005E0BDF = {
						CreatedOnToolsVersion = 7.3.1;
					};
				};
			};
			buildConfigurationList = 2E0502271D06FDEC005E0BDF /* Build configuration list for PBXProject "SecondRepository" */;
			compatibilityVersion = "Xcode 3.2";
			developmentRegion = English;
			hasScannedForEncodings = 0;
			knownRegions = (
				en,
				Base,
			);
			mainGroup = 2E0502231D06FDEC005E0BDF;
			productRefGroup = 2E05022D1D06FDEC005E0BDF /* Products */;
			projectDirPath = "";
			projectRoot = "";
			targets = (
				2E05022B1D06FDEC005E0BDF /* SecondRepository */,
			);
		};
/* End PBXProject section */

/* Begin PBXResourcesBuildPhase section */
		2E05022A1D06FDEC005E0BDF /* Resources */ = {
			isa = PBXResourcesBuildPhase;
			buildActionMask = 2147483647;
			files = (
				2E05023A1D06FDEC005E0BDF /* LaunchScreen.storyboard in Resources */,
				2E0502371D06FDEC005E0BDF /* Assets.xcassets in Resources */,
				2E0502351D06FDEC005E0BDF /* Main.storyboard in Resources */,
			);
			runOnlyForDeploymentPostprocessing = 0;
		};
/* End PBXResourcesBuildPhase section */

/* Begin PBXSourcesBuildPhase section */
		2E0502281D06FDEC005E0BDF /* Sources */ = {
			isa = PBXSourcesBuildPhase;
			buildActionMask = 2147483647;
			files = (
				2E0502321D06FDEC005E0BDF /* ViewController.swift in Sources */,
				2E0502301D06FDEC005E0BDF /* AppDelegate.swift in Sources */,
			);
			runOnlyForDeploymentPostprocessing = 0;
		};
/* End PBXSourcesBuildPhase section */

/* Begin PBXVariantGroup section */
		2E0502331D06FDEC005E0BDF /* Main.storyboard */ = {
			isa = PBXVariantGroup;
			children = (
				2E0502341D06FDEC005E0BDF /* Base */,
			);
			name = Main.storyboard;
			sourceTree = "<group>";
		};
		2E0502381D06FDEC005E0BDF /* LaunchScreen.storyboard */ = {
			isa = PBXVariantGroup;
			children = (
				2E0502391D06FDEC005E0BDF /* Base */,
			);
			name = LaunchScreen.storyboard;
			sourceTree = "<group>";
		};
/* End PBXVariantGroup section */

/* Begin XCBuildConfiguration section */
		2E05023C1D06FDEC005E0BDF /* Debug */ = {
			isa = XCBuildConfiguration;
			buildSettings = {
				ALWAYS_SEARCH_USER_PATHS = NO;
				CLANG_ANALYZER_NONNULL = YES;
				CLANG_CXX_LANGUAGE_STANDARD = "gnu++0x";
				CLANG_CXX_LIBRARY = "libc++";
				CLANG_ENABLE_MODULES = YES;
				CLANG_ENABLE_OBJC_ARC = YES;
				CLANG_WARN_BOOL_CONVERSION = YES;
				CLANG_WARN_CONSTANT_CONVERSION = YES;
				CLANG_WARN_DIRECT_OBJC_ISA_USAGE = YES_ERROR;
				CLANG_WARN_EMPTY_BODY = YES;
				CLANG_WARN_ENUM_CONVERSION = YES;
				CLANG_WARN_INT_CONVERSION = YES;
				CLANG_WARN_OBJC_ROOT_CLASS = YES_ERROR;
				CLANG_WARN_UNREACHABLE_CODE = YES;
				CLANG_WARN__DUPLICATE_METHOD_MATCH = YES;
				"CODE_SIGN_IDENTITY[sdk=iphoneos*]" = "iPhone Developer";
				COPY_PHASE_STRIP = NO;
				DEBUG_INFORMATION_FORMAT = dwarf;
				ENABLE_STRICT_OBJC_MSGSEND = YES;
				ENABLE_TESTABILITY = YES;
				GCC_C_LANGUAGE_STANDARD = gnu99;
				GCC_DYNAMIC_NO_PIC = NO;
				GCC_NO_COMMON_BLOCKS = YES;
				GCC_OPTIMIZATION_LEVEL = 0;
				GCC_PREPROCESSOR_DEFINITIONS = (
					"DEBUG=1",
					"$(inherited)",
				);
				GCC_WARN_64_TO_32_BIT_CONVERSION = YES;
				GCC_WARN_ABOUT_RETURN_TYPE = YES_ERROR;
				GCC_WARN_UNDECLARED_SELECTOR = YES;
				GCC_WARN_UNINITIALIZED_AUTOS = YES_AGGRESSIVE;
				GCC_WARN_UNUSED_FUNCTION = YES;
				GCC_WARN_UNUSED_VARIABLE = YES;
				IPHONEOS_DEPLOYMENT_TARGET = 9.3;
				MTL_ENABLE_DEBUG_INFO = YES;
				ONLY_ACTIVE_ARCH = YES;
				SDKROOT = iphoneos;
				SWIFT_OPTIMIZATION_LEVEL = "-Onone";
				TARGETED_DEVICE_FAMILY = "1,2";
			};
			name = Debug;
		};
		2E05023D1D06FDEC005E0BDF /* Release */ = {
			isa = XCBuildConfiguration;
			buildSettings = {
				ALWAYS_SEARCH_USER_PATHS = NO;
				CLANG_ANALYZER_NONNULL = YES;
				CLANG_CXX_LANGUAGE_STANDARD = "gnu++0x";
				CLANG_CXX_LIBRARY = "libc++";
				CLANG_ENABLE_MODULES = YES;
				CLANG_ENABLE_OBJC_ARC = YES;
				CLANG_WARN_BOOL_CONVERSION = YES;
				CLANG_WARN_CONSTANT_CONVERSION = YES;
				CLANG_WARN_DIRECT_OBJC_ISA_USAGE = YES_ERROR;
				CLANG_WARN_EMPTY_BODY = YES;
				CLANG_WARN_ENUM_CONVERSION = YES;
				CLANG_WARN_INT_CONVERSION = YES;
				CLANG_WARN_OBJC_ROOT_CLASS = YES_ERROR;
				CLANG_WARN_UNREACHABLE_CODE = YES;
				CLANG_WARN__DUPLICATE_METHOD_MATCH = YES;
				"CODE_SIGN_IDENTITY[sdk=iphoneos*]" = "iPhone Developer";
				COPY_PHASE_STRIP = NO;
				DEBUG_INFORMATION_FORMAT = "dwarf-with-dsym";
				ENABLE_NS_ASSERTIONS = NO;
				ENABLE_STRICT_OBJC_MSGSEND = YES;
				GCC_C_LANGUAGE_STANDARD = gnu99;
				GCC_NO_COMMON_BLOCKS = YES;
				GCC_WARN_64_TO_32_BIT_CONVERSION = YES;
				GCC_WARN_ABOUT_RETURN_TYPE = YES_ERROR;
				GCC_WARN_UNDECLARED_SELECTOR = YES;
				GCC_WARN_UNINITIALIZED_AUTOS = YES_AGGRESSIVE;
				GCC_WARN_UNUSED_FUNCTION = YES;
				GCC_WARN_UNUSED_VARIABLE = YES;
				IPHONEOS_DEPLOYMENT_TARGET = 9.3;
				MTL_ENABLE_DEBUG_INFO = NO;
				SDKROOT = iphoneos;
				TARGETED_DEVICE_FAMILY = "1,2";
				VALIDATE_PRODUCT = YES;
			};
			name = Release;
		};
		2E05023F1D06FDEC005E0BDF /* Debug */ = {
			isa = XCBuildConfiguration;
			buildSettings = {
				ASSETCATALOG_COMPILER_APPICON_NAME = AppIcon;
				INFOPLIST_FILE = SecondRepository/Info.plist;
				LD_RUNPATH_SEARCH_PATHS = "$(inherited) @executable_path/Frameworks";
				PRODUCT_BUNDLE_IDENTIFIER = com.joannebasa.SecondRepository;
				PRODUCT_NAME = "$(TARGET_NAME)";
			};
			name = Debug;
		};
		2E0502401D06FDEC005E0BDF /* Release */ = {
			isa = XCBuildConfiguration;
			buildSettings = {
				ASSETCATALOG_COMPILER_APPICON_NAME = AppIcon;
				INFOPLIST_FILE = SecondRepository/Info.plist;
				LD_RUNPATH_SEARCH_PATHS = "$(inherited) @executable_path/Frameworks";
				PRODUCT_BUNDLE_IDENTIFIER = com.joannebasa.SecondRepository;
				PRODUCT_NAME = "$(TARGET_NAME)";
			};
			name = Release;
		};
/* End XCBuildConfiguration section */

/* Begin XCConfigurationList section */
		2E0502271D06FDEC005E0BDF /* Build configuration list for PBXProject "SecondRepository" */ = {
			isa = XCConfigurationList;
			buildConfigurations = (
				2E05023C1D06FDEC005E0BDF /* Debug */,
				2E05023D1D06FDEC005E0BDF /* Release */,
			);
			defaultConfigurationIsVisible = 0;
			defaultConfigurationName = Release;
		};
		2E05023E1D06FDEC005E0BDF /* Build configuration list for PBXNativeTarget "SecondRepository" */ = {
			isa = XCConfigurationList;
			buildConfigurations = (
				2E05023F1D06FDEC005E0BDF /* Debug */,
				2E0502401D06FDEC005E0BDF /* Release */,
			);
			defaultConfigurationIsVisible = 0;
		};
/* End XCConfigurationList section */
	};
	rootObject = 2E0502241D06FDEC005E0BDF /* Project object */;
}
